
Microsoft Visual Studio Solution File, Format Version 12.00
# Visual Studio 2013
VisualStudioVersion = 12.0.21005.1
MinimumVisualStudioVersion = 10.0.40219.1
Project("{FAE04EC0-301F-11D3-BF4B-00C04F79EFBC}") = "wcfCRUD", "wcfCRUD\wcfCRUD.csproj", "{18A244CE-E098-48D9-89B7-9D26F7BA7781}"
EndProject
Project("{FAE04EC0-301F-11D3-BF4B-00C04F79EFBC}") = "CreateDataByWCF", "CreateDataByWCF\CreateDataByWCF.csproj", "{C41C2C43-154C-4DF5-B846-F80B05AB8E8B}"
	ProjectSection(ProjectDependencies) = postProject
		{18A244CE-E098-48D9-89B7-9D26F7BA7781} = {18A244CE-E098-48D9-89B7-9D26F7BA7781}
	EndProjectSection
EndProject
Global
	GlobalSection(SolutionConfigurationPlatforms) = preSolution
		Debug|Any CPU = Debug|Any CPU
		Release|Any CPU = Release|Any CPU
	EndGlobalSection
	GlobalSection(ProjectConfigurationPlatforms) = postSolution
		{18A244CE-E098-48D9-89B7-9D26F7BA7781}.Debug|Any CPU.ActiveCfg = Debug|Any CPU
		{18A244CE-E098-48D9-89B7-9D26F7BA7781}.Debug|Any CPU.Build.0 = Debug|Any CPU
		{18A244CE-E098-48D9-89B7-9D26F7BA7781}.Release|Any CPU.ActiveCfg = Release|Any CPU
		{18A244CE-E098-48D9-89B7-9D26F7BA7781}.Release|Any CPU.Build.0 = Release|Any CPU
		{C41C2C43-154C-4DF5-B846-F80B05AB8E8B}.Debug|Any CPU.ActiveCfg = Debug|Any CPU
		{C41C2C43-154C-4DF5-B846-F80B05AB8E8B}.Debug|Any CPU.Build.0 = Debug|Any CPU
		{C41C2C43-154C-4DF5-B846-F80B05AB8E8B}.Release|Any CPU.ActiveCfg = Release|Any CPU
		{C41C2C43-154C-4DF5-B846-F80B05AB8E8B}.Release|Any CPU.Build.0 = Release|Any CPU
	EndGlobalSection
	GlobalSection(SolutionProperties) = preSolution
		HideSolutionNode = FALSE
	EndGlobalSection
EndGlobal
